# This file is automatically generated.
# It is not intended for manual editing.
version = 1

[[packages]]
name = "wasi:cli"
registry = "wasi"

[[packages.versions]]
requirement = "=0.2.9"
version = "0.2.9"
digest = "sha256:678e712b3c291dadba5ee2a950ac6afeef1d13ddacd3ed253deb5a0a957450d7"

[[packages]]
name = "wasi:clocks"
registry = "wasi"

[[packages.versions]]
requirement = "=0.2.9"
version = "0.2.9"
digest = "sha256:afec4affde64d11beed4558e48b1ef6befd14cc75df56d456c88e58473c8221f"

[[packages]]
name = "wasi:filesystem"
registry = "wasi"

[[packages.versions]]
requirement = "=0.2.9"
version = "0.2.9"
digest = "sha256:ffcd8883b31f4be3d21fd3843f1faf7f801d7c2ca0ce4a23eac6e7d60d5c8924"

[[packages]]
name = "wasi:http"
registry = "wasi"

[[packages.versions]]
requirement = "=0.2.9"
version = "0.2.9"
digest = "sha256:db563c1ef2f846c3875341468b2e0c23f7463d091a282f8e7d016203177fbe4f"

[[packages]]
name = "wasi:io"
registry = "wasi"

[[packages.versions]]
requirement = "=0.2.9"
version = "0.2.9"
digest = "sha256:d1ab645a5a4eaf56d45e3f0d8027803cb7b600f13e2126156d69ac508a9da3b9"

[[packages]]
name = "wasi:random"
registry = "wasi"

[[packages.versions]]
requirement = "=0.2.9"
version = "0.2.9"
digest = "sha256:daec7359e7c60365940c667fef26f3078b4bfce15c41fef08de5a6f0ef51ff25"

[[packages]]
name = "wasi:sockets"
registry = "wasi"

[[packages.versions]]
requirement = "=0.2.9"
version = "0.2.9"
digest = "sha256:c3874cdce56cbca93fa7aa07fd5816db06a4544c9ead5ffb7f2d34e2fa075719"
